
Microsoft Visual Studio Solution File, Format Version 12.00
# Visual Studio 15
VisualStudioVersion = 15.0.27428.2015
MinimumVisualStudioVersion = 10.0.40219.1
Project("{8BC9CEB8-8B4A-11D0-8D11-00A0C91BC942}") = "Kernel", "Source\Kernel\Kernel.vcxproj", "{6731A7E7-0455-426E-94C3-4D69458EB721}"
	ProjectSection(ProjectDependencies) = postProject
		{70D404F4-27C0-48E0-9035-47275B9E1E50} = {70D404F4-27C0-48E0-9035-47275B9E1E50}
	EndProjectSection
EndProject
Project("{8BC9CEB8-8B4A-11D0-8D11-00A0C91BC942}") = "Common", "Source\CommonKernel\Common.vcxproj", "{70D404F4-27C0-48E0-9035-47275B9E1E50}"
EndProject
Project("{8BC9CEB8-8B4A-11D0-8D11-00A0C91BC942}") = "LibCompiler", "Source\LibCompiler\LibCompiler.vcxproj", "{E3103EDB-533A-42AD-BE85-1118F2B670AC}"
	ProjectSection(ProjectDependencies) = postProject
		{6731A7E7-0455-426E-94C3-4D69458EB721} = {6731A7E7-0455-426E-94C3-4D69458EB721}
		{70D404F4-27C0-48E0-9035-47275B9E1E50} = {70D404F4-27C0-48E0-9035-47275B9E1E50}
	EndProjectSection
EndProject
Project("{8BC9CEB8-8B4A-11D0-8D11-00A0C91BC942}") = "LibOS", "Source\LibOS\LibOS.vcxproj", "{E2103EDB-133A-42AD-BE85-94C8F2B670AC}"
	ProjectSection(ProjectDependencies) = postProject
		{E2103EDB-133A-42AD-B125-94C8F2B670AC} = {E2103EDB-133A-42AD-B125-94C8F2B670AC}
		{E3103EDB-533A-42AD-BE85-1118F2B670AC} = {E3103EDB-533A-42AD-BE85-1118F2B670AC}
		{6731A7E7-0455-426E-94C3-4D69458EB721} = {6731A7E7-0455-426E-94C3-4D69458EB721}
		{70D404F4-27C0-48E0-9035-47275B9E1E50} = {70D404F4-27C0-48E0-9035-47275B9E1E50}
	EndProjectSection
EndProject
Project("{8BC9CEB8-8B4A-11D0-8D11-00A0C91BC942}") = "LibOSTypes", "Source\LibOSTypes\LibOSTypes.vcxproj", "{E2103EDB-133A-42AD-B125-94C8F2B670AC}"
	ProjectSection(ProjectDependencies) = postProject
		{6731A7E7-0455-426E-94C3-4D69458EB721} = {6731A7E7-0455-426E-94C3-4D69458EB721}
		{70D404F4-27C0-48E0-9035-47275B9E1E50} = {70D404F4-27C0-48E0-9035-47275B9E1E50}
	EndProjectSection
EndProject
Global
	GlobalSection(SolutionConfigurationPlatforms) = preSolution
		Debug|x64 = Debug|x64
		Debug|x86 = Debug|x86
	EndGlobalSection
	GlobalSection(ProjectConfigurationPlatforms) = postSolution
		{6731A7E7-0455-426E-94C3-4D69458EB721}.Debug|x64.ActiveCfg = Debug|x64
		{6731A7E7-0455-426E-94C3-4D69458EB721}.Debug|x64.Build.0 = Debug|x64
		{6731A7E7-0455-426E-94C3-4D69458EB721}.Debug|x86.ActiveCfg = Debug|x64
		{70D404F4-27C0-48E0-9035-47275B9E1E50}.Debug|x64.ActiveCfg = Debug|x64
		{70D404F4-27C0-48E0-9035-47275B9E1E50}.Debug|x86.ActiveCfg = Debug|x64
		{E3103EDB-533A-42AD-BE85-1118F2B670AC}.Debug|x64.ActiveCfg = Debug|x64
		{E3103EDB-533A-42AD-BE85-1118F2B670AC}.Debug|x64.Build.0 = Debug|x64
		{E3103EDB-533A-42AD-BE85-1118F2B670AC}.Debug|x64.Deploy.0 = Debug|x64
		{E3103EDB-533A-42AD-BE85-1118F2B670AC}.Debug|x86.ActiveCfg = Debug|x64
		{E2103EDB-133A-42AD-BE85-94C8F2B670AC}.Debug|x64.ActiveCfg = Debug|x64
		{E2103EDB-133A-42AD-BE85-94C8F2B670AC}.Debug|x64.Build.0 = Debug|x64
		{E2103EDB-133A-42AD-BE85-94C8F2B670AC}.Debug|x64.Deploy.0 = Debug|x64
		{E2103EDB-133A-42AD-BE85-94C8F2B670AC}.Debug|x86.ActiveCfg = Debug|x64
		{E2103EDB-133A-42AD-B125-94C8F2B670AC}.Debug|x64.ActiveCfg = Debug|x64
		{E2103EDB-133A-42AD-B125-94C8F2B670AC}.Debug|x64.Build.0 = Debug|x64
		{E2103EDB-133A-42AD-B125-94C8F2B670AC}.Debug|x64.Deploy.0 = Debug|x64
		{E2103EDB-133A-42AD-B125-94C8F2B670AC}.Debug|x86.ActiveCfg = Debug|x64
	EndGlobalSection
	GlobalSection(SolutionProperties) = preSolution
		HideSolutionNode = FALSE
	EndGlobalSection
	GlobalSection(ExtensibilityGlobals) = postSolution
		SolutionGuid = {C56799F5-9FD9-402A-A175-B1D1E8B3A972}
	EndGlobalSection
EndGlobal
