
Microsoft Visual Studio Solution File, Format Version 12.00
# Visual Studio 15
VisualStudioVersion = 15.0.27428.2015
MinimumVisualStudioVersion = 10.0.40219.1
Project("{8BC9CEB8-8B4A-11D0-8D11-00A0C91BC942}") = "Kernel", "Source\Kernel\Kernel.vcxproj", "{6731A7E7-0455-426E-94C3-4D69458EB721}"
	ProjectSection(ProjectDependencies) = postProject
		{70D404F4-27C0-48E0-9035-47275B9E1E50} = {70D404F4-27C0-48E0-9035-47275B9E1E50}
	EndProjectSection
EndProject
Project("{8BC9CEB8-8B4A-11D0-8D11-00A0C91BC942}") = "Common", "Source\CommonKernel\Common.vcxproj", "{70D404F4-27C0-48E0-9035-47275B9E1E50}"
EndProject
Project("{8BC9CEB8-8B4A-11D0-8D11-00A0C91BC942}") = "LibCompiler", "Source\LibCompiler\LibCompiler.vcxproj", "{E3103EDB-533A-42AD-BE85-1118F2B670AC}"
	ProjectSection(ProjectDependencies) = postProject
		{6731A7E7-0455-426E-94C3-4D69458EB721} = {6731A7E7-0455-426E-94C3-4D69458EB721}
		{70D404F4-27C0-48E0-9035-47275B9E1E50} = {70D404F4-27C0-48E0-9035-47275B9E1E50}
	EndProjectSection
EndProject
Project("{8BC9CEB8-8B4A-11D0-8D11-00A0C91BC942}") = "LibOS", "Source\LibOS\LibOS.vcxproj", "{E2103EDB-133A-42AD-BE85-94C8F2B670AC}"
	ProjectSection(ProjectDependencies) = postProject
		{E2103EDB-133A-42AD-B125-94C8F2B670AC} = {E2103EDB-133A-42AD-B125-94C8F2B670AC}
		{E3103EDB-533A-42AD-BE85-1118F2B670AC} = {E3103EDB-533A-42AD-BE85-1118F2B670AC}
		{6731A7E7-0455-426E-94C3-4D69458EB721} = {6731A7E7-0455-426E-94C3-4D69458EB721}
		{70D404F4-27C0-48E0-9035-47275B9E1E50} = {70D404F4-27C0-48E0-9035-47275B9E1E50}
	EndProjectSection
EndProject
Project("{8BC9CEB8-8B4A-11D0-8D11-00A0C91BC942}") = "LibOSTypes", "Source\LibOSTypes\LibOSTypes.vcxproj", "{E2103EDB-133A-42AD-B125-94C8F2B670AC}"
	ProjectSection(ProjectDependencies) = postProject
		{6731A7E7-0455-426E-94C3-4D69458EB721} = {6731A7E7-0455-426E-94C3-4D69458EB721}
		{70D404F4-27C0-48E0-9035-47275B9E1E50} = {70D404F4-27C0-48E0-9035-47275B9E1E50}
	EndProjectSection
EndProject
Project("{2150E333-8FDC-42A3-9474-1A3956D46DE8}") = "XenusKernel", "XenusKernel", "{0BC6A930-214E-4D04-97BC-3BF4C97C5391}"
EndProject
Project("{2150E333-8FDC-42A3-9474-1A3956D46DE8}") = "LibXenus", "LibXenus", "{86A78DD2-2C8E-41C8-A61E-55E2DED960C9}"
EndProject
Project("{2150E333-8FDC-42A3-9474-1A3956D46DE8}") = "SubSystems", "SubSystems", "{1F3E3855-F284-48B5-B1D5-1951544F8943}"
EndProject
Project("{8BC9CEB8-8B4A-11D0-8D11-00A0C91BC942}") = "NTOS", "Source\Modules\NTOS\NTOS.vcxproj", "{3B84D1C6-CD1E-4FDB-80D7-FF498A28B119}"
	ProjectSection(ProjectDependencies) = postProject
		{E2103EDB-133A-42AD-B125-94C8F2B670AC} = {E2103EDB-133A-42AD-B125-94C8F2B670AC}
		{E2103EDB-133A-42AD-BE85-94C8F2B670AC} = {E2103EDB-133A-42AD-BE85-94C8F2B670AC}
		{E3103EDB-533A-42AD-BE85-1118F2B670AC} = {E3103EDB-533A-42AD-BE85-1118F2B670AC}
		{6731A7E7-0455-426E-94C3-4D69458EB721} = {6731A7E7-0455-426E-94C3-4D69458EB721}
	EndProjectSection
EndProject
Project("{8BC9CEB8-8B4A-11D0-8D11-00A0C91BC942}") = "SelfTest", "Source\Modules\SelfTest\SelfTest.vcxproj", "{18B6AA76-D6E8-4F44-B891-A8864D8FE43E}"
	ProjectSection(ProjectDependencies) = postProject
		{E2103EDB-133A-42AD-B125-94C8F2B670AC} = {E2103EDB-133A-42AD-B125-94C8F2B670AC}
		{E2103EDB-133A-42AD-BE85-94C8F2B670AC} = {E2103EDB-133A-42AD-BE85-94C8F2B670AC}
		{E3103EDB-533A-42AD-BE85-1118F2B670AC} = {E3103EDB-533A-42AD-BE85-1118F2B670AC}
		{6731A7E7-0455-426E-94C3-4D69458EB721} = {6731A7E7-0455-426E-94C3-4D69458EB721}
	EndProjectSection
EndProject
Project("{8BC9CEB8-8B4A-11D0-8D11-00A0C91BC942}") = "HDE", "Source\Modules\HDE\HDE.vcxproj", "{11D11B51-7B21-4AE6-B3B9-C2A0A53EC516}"
EndProject
Project("{8BC9CEB8-8B4A-11D0-8D11-00A0C91BC942}") = "LibTL", "Source\LibTL\LibTL.vcxproj", "{1C8B8279-64F1-49E5-A2CF-AEAED400EC56}"
EndProject
Global
	GlobalSection(SolutionConfigurationPlatforms) = preSolution
		Development|AMD64 = Development|AMD64
	EndGlobalSection
	GlobalSection(ProjectConfigurationPlatforms) = postSolution
		{6731A7E7-0455-426E-94C3-4D69458EB721}.Development|AMD64.ActiveCfg = Development|x64
		{6731A7E7-0455-426E-94C3-4D69458EB721}.Development|AMD64.Build.0 = Development|x64
		{70D404F4-27C0-48E0-9035-47275B9E1E50}.Development|AMD64.ActiveCfg = Development|x64
		{E3103EDB-533A-42AD-BE85-1118F2B670AC}.Development|AMD64.ActiveCfg = Development|x64
		{E3103EDB-533A-42AD-BE85-1118F2B670AC}.Development|AMD64.Build.0 = Development|x64
		{E2103EDB-133A-42AD-BE85-94C8F2B670AC}.Development|AMD64.ActiveCfg = Development|x64
		{E2103EDB-133A-42AD-BE85-94C8F2B670AC}.Development|AMD64.Build.0 = Development|x64
		{E2103EDB-133A-42AD-B125-94C8F2B670AC}.Development|AMD64.ActiveCfg = Development|x64
		{E2103EDB-133A-42AD-B125-94C8F2B670AC}.Development|AMD64.Build.0 = Development|x64
		{3B84D1C6-CD1E-4FDB-80D7-FF498A28B119}.Development|AMD64.ActiveCfg = Development|x64
		{3B84D1C6-CD1E-4FDB-80D7-FF498A28B119}.Development|AMD64.Build.0 = Development|x64
		{18B6AA76-D6E8-4F44-B891-A8864D8FE43E}.Development|AMD64.ActiveCfg = Development|x64
		{18B6AA76-D6E8-4F44-B891-A8864D8FE43E}.Development|AMD64.Build.0 = Development|x64
		{11D11B51-7B21-4AE6-B3B9-C2A0A53EC516}.Development|AMD64.ActiveCfg = Development|x64
		{1C8B8279-64F1-49E5-A2CF-AEAED400EC56}.Development|AMD64.ActiveCfg = Development|x64
	EndGlobalSection
	GlobalSection(SolutionProperties) = preSolution
		HideSolutionNode = FALSE
	EndGlobalSection
	GlobalSection(NestedProjects) = preSolution
		{6731A7E7-0455-426E-94C3-4D69458EB721} = {0BC6A930-214E-4D04-97BC-3BF4C97C5391}
		{70D404F4-27C0-48E0-9035-47275B9E1E50} = {0BC6A930-214E-4D04-97BC-3BF4C97C5391}
		{E3103EDB-533A-42AD-BE85-1118F2B670AC} = {86A78DD2-2C8E-41C8-A61E-55E2DED960C9}
		{E2103EDB-133A-42AD-BE85-94C8F2B670AC} = {86A78DD2-2C8E-41C8-A61E-55E2DED960C9}
		{E2103EDB-133A-42AD-B125-94C8F2B670AC} = {86A78DD2-2C8E-41C8-A61E-55E2DED960C9}
		{3B84D1C6-CD1E-4FDB-80D7-FF498A28B119} = {1F3E3855-F284-48B5-B1D5-1951544F8943}
		{18B6AA76-D6E8-4F44-B891-A8864D8FE43E} = {1F3E3855-F284-48B5-B1D5-1951544F8943}
		{11D11B51-7B21-4AE6-B3B9-C2A0A53EC516} = {1F3E3855-F284-48B5-B1D5-1951544F8943}
		{1C8B8279-64F1-49E5-A2CF-AEAED400EC56} = {86A78DD2-2C8E-41C8-A61E-55E2DED960C9}
	EndGlobalSection
	GlobalSection(ExtensibilityGlobals) = postSolution
		SolutionGuid = {C56799F5-9FD9-402A-A175-B1D1E8B3A972}
	EndGlobalSection
EndGlobal
